
Microsoft Visual Studio Solution File, Format Version 12.00
# Visual Studio Version 16
VisualStudioVersion = 16.0.31112.23
MinimumVisualStudioVersion = 10.0.40219.1
Project("{FAE04EC0-301F-11D3-BF4B-00C04F79EFBC}") = "Pig Latin Project", "Pig Latin Project.csproj", "{EE4A812F-6613-4B42-8AA0-964C0F1AF213}"
EndProject
Global
	GlobalSection(SolutionConfigurationPlatforms) = preSolution
		Debug|Any CPU = Debug|Any CPU
		Release|Any CPU = Release|Any CPU
	EndGlobalSection
	GlobalSection(ProjectConfigurationPlatforms) = postSolution
		{EE4A812F-6613-4B42-8AA0-964C0F1AF213}.Debug|Any CPU.ActiveCfg = Debug|Any CPU
		{EE4A812F-6613-4B42-8AA0-964C0F1AF213}.Debug|Any CPU.Build.0 = Debug|Any CPU
		{EE4A812F-6613-4B42-8AA0-964C0F1AF213}.Release|Any CPU.ActiveCfg = Release|Any CPU
		{EE4A812F-6613-4B42-8AA0-964C0F1AF213}.Release|Any CPU.Build.0 = Release|Any CPU
	EndGlobalSection
	GlobalSection(SolutionProperties) = preSolution
		HideSolutionNode = FALSE
	EndGlobalSection
	GlobalSection(ExtensibilityGlobals) = postSolution
		SolutionGuid = {41EECC74-F409-4F8A-804C-58B2BAFCDA92}
	EndGlobalSection
EndGlobal
