
Microsoft Visual Studio Solution File, Format Version 12.00
# Visual Studio Version 16
VisualStudioVersion = 16.0.31112.23
MinimumVisualStudioVersion = 10.0.40219.1
Project("{FAE04EC0-301F-11D3-BF4B-00C04F79EFBC}") = "Time Card", "Time Card.csproj", "{F3CA70BB-9562-4915-BD7B-1FCB988B77FE}"
EndProject
Global
	GlobalSection(SolutionConfigurationPlatforms) = preSolution
		Debug|Any CPU = Debug|Any CPU
		Release|Any CPU = Release|Any CPU
	EndGlobalSection
	GlobalSection(ProjectConfigurationPlatforms) = postSolution
		{F3CA70BB-9562-4915-BD7B-1FCB988B77FE}.Debug|Any CPU.ActiveCfg = Debug|Any CPU
		{F3CA70BB-9562-4915-BD7B-1FCB988B77FE}.Debug|Any CPU.Build.0 = Debug|Any CPU
		{F3CA70BB-9562-4915-BD7B-1FCB988B77FE}.Release|Any CPU.ActiveCfg = Release|Any CPU
		{F3CA70BB-9562-4915-BD7B-1FCB988B77FE}.Release|Any CPU.Build.0 = Release|Any CPU
	EndGlobalSection
	GlobalSection(SolutionProperties) = preSolution
		HideSolutionNode = FALSE
	EndGlobalSection
	GlobalSection(ExtensibilityGlobals) = postSolution
		SolutionGuid = {60C93836-4001-4622-9A1C-CD3C2544C69B}
	EndGlobalSection
EndGlobal
