
Microsoft Visual Studio Solution File, Format Version 12.00
# Visual Studio Version 16
VisualStudioVersion = 16.0.31112.23
MinimumVisualStudioVersion = 10.0.40219.1
Project("{FAE04EC0-301F-11D3-BF4B-00C04F79EFBC}") = "Treasure Game", "Treasure Game.csproj", "{B1B36CC3-B32E-474E-965F-16DE9F436095}"
EndProject
Global
	GlobalSection(SolutionConfigurationPlatforms) = preSolution
		Debug|Any CPU = Debug|Any CPU
		Release|Any CPU = Release|Any CPU
	EndGlobalSection
	GlobalSection(ProjectConfigurationPlatforms) = postSolution
		{B1B36CC3-B32E-474E-965F-16DE9F436095}.Debug|Any CPU.ActiveCfg = Debug|Any CPU
		{B1B36CC3-B32E-474E-965F-16DE9F436095}.Debug|Any CPU.Build.0 = Debug|Any CPU
		{B1B36CC3-B32E-474E-965F-16DE9F436095}.Release|Any CPU.ActiveCfg = Release|Any CPU
		{B1B36CC3-B32E-474E-965F-16DE9F436095}.Release|Any CPU.Build.0 = Release|Any CPU
	EndGlobalSection
	GlobalSection(SolutionProperties) = preSolution
		HideSolutionNode = FALSE
	EndGlobalSection
	GlobalSection(ExtensibilityGlobals) = postSolution
		SolutionGuid = {8D28DF89-4E20-4C7A-B4CD-206F862F2C78}
	EndGlobalSection
EndGlobal
